Microsoft Visual Studio Solution File, Format Version 12.00
# Visual Studio Version 16
VisualStudioVersion = 16.0.31019.35
MinimumVisualStudioVersion = 10.0.40219.1
Project("{FAE04EC0-301F-11D3-BF4B-00C04F79EFBC}") = "RRQMBox.Client", "RRQMBox.Client\RRQMBox.Client.csproj", "{FF07939E-9DB7-4DA5-8202-16045AA9E0D7}"
EndProject
Project("{9A19103F-16F7-4668-BE54-9A1E7A4F7556}") = "XUnitTest", "XUnitTest\XUnitTest.csproj", "{AC10372D-5DB2-469E-BCAF-223AAD9722FC}"
EndProject
Project("{FAE04EC0-301F-11D3-BF4B-00C04F79EFBC}") = "ProtocolClientDemo", "ProtocolClientDemo\ProtocolClientDemo.csproj", "{7258C5EE-6B1D-4700-956C-BFC7648E7B46}"
EndProject
Project("{2150E333-8FDC-42A3-9474-1A3956D46DE8}") = "TCP客户端", "TCP客户端", "{B442291A-E9FA-4E20-B234-7343679E27CA}"
EndProject
Project("{9A19103F-16F7-4668-BE54-9A1E7A4F7556}") = "TcpClientDemo", "TcpClient.Demo\TcpClientDemo.csproj", "{115E8E0C-3B84-47AB-ACA0-AD7D42156FBD}"
EndProject
Project("{2150E333-8FDC-42A3-9474-1A3956D46DE8}") = "Token客户端", "Token客户端", "{A0738DC2-848E-4E9C-84BC-36E01EC19892}"
EndProject
Project("{9A19103F-16F7-4668-BE54-9A1E7A4F7556}") = "TokenClientDemo", "TokenClientDemo\TokenClientDemo.csproj", "{3F58F7D2-9DD7-4908-BA7D-92027DF8554F}"
EndProject
Project("{2150E333-8FDC-42A3-9474-1A3956D46DE8}") = "Protocol客户端", "Protocol客户端", "{F52C5825-872B-441D-B446-8BB59209542F}"
EndProject
Project("{2150E333-8FDC-42A3-9474-1A3956D46DE8}") = "RPC客户端", "RPC客户端", "{236BC25E-12FA-4418-94B1-DAA58BB3A750}"
EndProject
Project("{9A19103F-16F7-4668-BE54-9A1E7A4F7556}") = "GetProxyFromTcpParser", "GetProxyFromTcpParser\GetProxyFromTcpParser.csproj", "{8DD51B18-A39F-4ADF-B5CF-1F874ED047EB}"
EndProject
Project("{9A19103F-16F7-4668-BE54-9A1E7A4F7556}") = "InvokeRpcFromNormal", "InvokeRpcFromNormal\InvokeRpcFromNormal.csproj", "{6EF3780C-8480-41EA-94DE-922961A141F9}"
EndProject
Project("{9A19103F-16F7-4668-BE54-9A1E7A4F7556}") = "InvokeRpcFromProxy", "InvokeRpcFromProxy\InvokeRpcFromProxy.csproj", "{9DCA0103-8EA2-4774-9D98-6263B2E8A04D}"
EndProject
Project("{2150E333-8FDC-42A3-9474-1A3956D46DE8}") = "File客户端", "File客户端", "{0CA5A0E2-87AE-457D-A4D8-62567D5F81D5}"
EndProject
Project("{9A19103F-16F7-4668-BE54-9A1E7A4F7556}") = "FileClientDemo", "FileClientDemo\FileClientDemo.csproj", "{FD7F13D4-792A-43EE-8A33-13BEC0B2913E}"
EndProject
Project("{2150E333-8FDC-42A3-9474-1A3956D46DE8}") = "NewLifeRPC与RRQMRPC对比测试", "NewLifeRPC与RRQMRPC对比测试", "{07277C79-6117-467A-BB29-DDC451F563D8}"
EndProject
Project("{9A19103F-16F7-4668-BE54-9A1E7A4F7556}") = "NewLifeRPCClientDemo", "NewLifeRPCClientDemo\NewLifeRPCClientDemo.csproj", "{887CE0C6-C533-4DAB-A790-EFCBD43E322B}"
EndProject
Project("{9A19103F-16F7-4668-BE54-9A1E7A4F7556}") = "RRQMRPCClientDemo", "RRQMRPCClientDemo\RRQMRPCClientDemo.csproj", "{F943865E-89F7-470B-9E3F-F952191D36CB}"
EndProject
Project("{2150E333-8FDC-42A3-9474-1A3956D46DE8}") = "UDP客户端", "UDP客户端", "{269D4563-DB06-4E67-A30C-56FB32CCD66F}"
EndProject
Project("{9A19103F-16F7-4668-BE54-9A1E7A4F7556}") = "UdpSessionClientDemo", "UdpSessionClientDemo\UdpSessionClientDemo.csproj", "{2F279084-2067-45FF-B65F-8899EA1E090E}"
EndProject
Project("{2150E333-8FDC-42A3-9474-1A3956D46DE8}") = "指标型性能测试", "指标型性能测试", "{899B038F-327E-4ED6-ABC0-4C05B70792BD}"
EndProject
Project("{9A19103F-16F7-4668-BE54-9A1E7A4F7556}") = "RRQMCorePerformanceTesting", "RRQMCorePerformanceTesting\RRQMCorePerformanceTesting.csproj", "{C3ECCAA4-21B0-414D-B90C-CAD89A204FF6}"
EndProject
Project("{2150E333-8FDC-42A3-9474-1A3956D46DE8}") = "自定义数据处理适配器", "自定义数据处理适配器", "{67EC9860-DF47-4AE4-9770-F22D68746C57}"
EndProject
Project("{9A19103F-16F7-4668-BE54-9A1E7A4F7556}") = "TestCustomDataHandleAdapterClient", "TestCustomDataHandleAdapterClient\TestCustomDataHandleAdapterClient.csproj", "{487E7032-0034-42E3-A57D-FEA923953D12}"
EndProject
Project("{9A19103F-16F7-4668-BE54-9A1E7A4F7556}") = "FileClientGUI", "FileClientGUI\FileClientGUI.csproj", "{A553320D-3F92-4EDB-A2B7-98504DCDE054}"
EndProject
Project("{2150E333-8FDC-42A3-9474-1A3956D46DE8}") = "WebSocket", "WebSocket", "{4372D176-1A58-4EE0-A3EA-43B54105B832}"
EndProject
Project("{9A19103F-16F7-4668-BE54-9A1E7A4F7556}") = "WebSocketClientGUIDemo", "WebSocketClientGUIDemo\WebSocketClientGUIDemo.csproj", "{7FF30F9F-6C44-4E9F-AD03-DE9768F237A1}"
EndProject
Project("{9A19103F-16F7-4668-BE54-9A1E7A4F7556}") = "WebSocketClientDemo", "WebSocketClientDemo\WebSocketClientDemo.csproj", "{FA89EAB7-4D8D-43C3-ACBD-98246205A165}"
EndProject
Project("{2150E333-8FDC-42A3-9474-1A3956D46DE8}") = "性能测试或性能对比", "性能测试或性能对比", "{D1F0FFF8-74BD-48DC-84E0-F8F412286866}"
EndProject
Project("{2150E333-8FDC-42A3-9474-1A3956D46DE8}") = "WebSocket性能", "WebSocket性能", "{7D1B5142-52ED-4CFF-86D0-5E3B1A77ED0E}"
EndProject
Project("{9A19103F-16F7-4668-BE54-9A1E7A4F7556}") = "WSClientPerformanceDemo", "WSClientPerformanceDemo\WSClientPerformanceDemo.csproj", "{22A0BAE5-6BB2-45AA-A037-2820071854C4}"
EndProject
Project("{9A19103F-16F7-4668-BE54-9A1E7A4F7556}") = "EERPCClientDemo", "EERPCClientDemo\EERPCClientDemo.csproj", "{79D669D8-3325-4F87-BACE-F1FCA27EA36E}"
EndProject
Project("{FAE04EC0-301F-11D3-BF4B-00C04F79EFBC}") = "ReverseRPCClientDemo", "ReverseRPCClientDemo\ReverseRPCClientDemo.csproj", "{2F9DC229-B7F7-4834-A77F-44BF3868D8EF}"
EndProject
Global
	GlobalSection(SolutionConfigurationPlatforms) = preSolution
		Debug|Any CPU = Debug|Any CPU
		Release|Any CPU = Release|Any CPU
	EndGlobalSection
	GlobalSection(ProjectConfigurationPlatforms) = postSolution
		{FF07939E-9DB7-4DA5-8202-16045AA9E0D7}.Debug|Any CPU.ActiveCfg = Debug|Any CPU
		{FF07939E-9DB7-4DA5-8202-16045AA9E0D7}.Debug|Any CPU.Build.0 = Debug|Any CPU
		{FF07939E-9DB7-4DA5-8202-16045AA9E0D7}.Release|Any CPU.ActiveCfg = Release|Any CPU
		{FF07939E-9DB7-4DA5-8202-16045AA9E0D7}.Release|Any CPU.Build.0 = Release|Any CPU
		{AC10372D-5DB2-469E-BCAF-223AAD9722FC}.Debug|Any CPU.ActiveCfg = Debug|Any CPU
		{AC10372D-5DB2-469E-BCAF-223AAD9722FC}.Debug|Any CPU.Build.0 = Debug|Any CPU
		{AC10372D-5DB2-469E-BCAF-223AAD9722FC}.Release|Any CPU.ActiveCfg = Release|Any CPU
		{AC10372D-5DB2-469E-BCAF-223AAD9722FC}.Release|Any CPU.Build.0 = Release|Any CPU
		{7258C5EE-6B1D-4700-956C-BFC7648E7B46}.Debug|Any CPU.ActiveCfg = Debug|Any CPU
		{7258C5EE-6B1D-4700-956C-BFC7648E7B46}.Debug|Any CPU.Build.0 = Debug|Any CPU
		{7258C5EE-6B1D-4700-956C-BFC7648E7B46}.Release|Any CPU.ActiveCfg = Release|Any CPU
		{7258C5EE-6B1D-4700-956C-BFC7648E7B46}.Release|Any CPU.Build.0 = Release|Any CPU
		{115E8E0C-3B84-47AB-ACA0-AD7D42156FBD}.Debug|Any CPU.ActiveCfg = Debug|Any CPU
		{115E8E0C-3B84-47AB-ACA0-AD7D42156FBD}.Debug|Any CPU.Build.0 = Debug|Any CPU
		{115E8E0C-3B84-47AB-ACA0-AD7D42156FBD}.Release|Any CPU.ActiveCfg = Release|Any CPU
		{115E8E0C-3B84-47AB-ACA0-AD7D42156FBD}.Release|Any CPU.Build.0 = Release|Any CPU
		{3F58F7D2-9DD7-4908-BA7D-92027DF8554F}.Debug|Any CPU.ActiveCfg = Debug|Any CPU
		{3F58F7D2-9DD7-4908-BA7D-92027DF8554F}.Debug|Any CPU.Build.0 = Debug|Any CPU
		{3F58F7D2-9DD7-4908-BA7D-92027DF8554F}.Release|Any CPU.ActiveCfg = Release|Any CPU
		{3F58F7D2-9DD7-4908-BA7D-92027DF8554F}.Release|Any CPU.Build.0 = Release|Any CPU
		{8DD51B18-A39F-4ADF-B5CF-1F874ED047EB}.Debug|Any CPU.ActiveCfg = Debug|Any CPU
		{8DD51B18-A39F-4ADF-B5CF-1F874ED047EB}.Debug|Any CPU.Build.0 = Debug|Any CPU
		{8DD51B18-A39F-4ADF-B5CF-1F874ED047EB}.Release|Any CPU.ActiveCfg = Release|Any CPU
		{8DD51B18-A39F-4ADF-B5CF-1F874ED047EB}.Release|Any CPU.Build.0 = Release|Any CPU
		{6EF3780C-8480-41EA-94DE-922961A141F9}.Debug|Any CPU.ActiveCfg = Debug|Any CPU
		{6EF3780C-8480-41EA-94DE-922961A141F9}.Debug|Any CPU.Build.0 = Debug|Any CPU
		{6EF3780C-8480-41EA-94DE-922961A141F9}.Release|Any CPU.ActiveCfg = Release|Any CPU
		{6EF3780C-8480-41EA-94DE-922961A141F9}.Release|Any CPU.Build.0 = Release|Any CPU
		{9DCA0103-8EA2-4774-9D98-6263B2E8A04D}.Debug|Any CPU.ActiveCfg = Debug|Any CPU
		{9DCA0103-8EA2-4774-9D98-6263B2E8A04D}.Debug|Any CPU.Build.0 = Debug|Any CPU
		{9DCA0103-8EA2-4774-9D98-6263B2E8A04D}.Release|Any CPU.ActiveCfg = Release|Any CPU
		{9DCA0103-8EA2-4774-9D98-6263B2E8A04D}.Release|Any CPU.Build.0 = Release|Any CPU
		{FD7F13D4-792A-43EE-8A33-13BEC0B2913E}.Debug|Any CPU.ActiveCfg = Debug|Any CPU
		{FD7F13D4-792A-43EE-8A33-13BEC0B2913E}.Debug|Any CPU.Build.0 = Debug|Any CPU
		{FD7F13D4-792A-43EE-8A33-13BEC0B2913E}.Release|Any CPU.ActiveCfg = Release|Any CPU
		{FD7F13D4-792A-43EE-8A33-13BEC0B2913E}.Release|Any CPU.Build.0 = Release|Any CPU
		{887CE0C6-C533-4DAB-A790-EFCBD43E322B}.Debug|Any CPU.ActiveCfg = Debug|Any CPU
		{887CE0C6-C533-4DAB-A790-EFCBD43E322B}.Debug|Any CPU.Build.0 = Debug|Any CPU
		{887CE0C6-C533-4DAB-A790-EFCBD43E322B}.Release|Any CPU.ActiveCfg = Release|Any CPU
		{887CE0C6-C533-4DAB-A790-EFCBD43E322B}.Release|Any CPU.Build.0 = Release|Any CPU
		{F943865E-89F7-470B-9E3F-F952191D36CB}.Debug|Any CPU.ActiveCfg = Debug|Any CPU
		{F943865E-89F7-470B-9E3F-F952191D36CB}.Debug|Any CPU.Build.0 = Debug|Any CPU
		{F943865E-89F7-470B-9E3F-F952191D36CB}.Release|Any CPU.ActiveCfg = Release|Any CPU
		{F943865E-89F7-470B-9E3F-F952191D36CB}.Release|Any CPU.Build.0 = Release|Any CPU
		{2F279084-2067-45FF-B65F-8899EA1E090E}.Debug|Any CPU.ActiveCfg = Debug|Any CPU
		{2F279084-2067-45FF-B65F-8899EA1E090E}.Debug|Any CPU.Build.0 = Debug|Any CPU
		{2F279084-2067-45FF-B65F-8899EA1E090E}.Release|Any CPU.ActiveCfg = Release|Any CPU
		{2F279084-2067-45FF-B65F-8899EA1E090E}.Release|Any CPU.Build.0 = Release|Any CPU
		{C3ECCAA4-21B0-414D-B90C-CAD89A204FF6}.Debug|Any CPU.ActiveCfg = Debug|Any CPU
		{C3ECCAA4-21B0-414D-B90C-CAD89A204FF6}.Debug|Any CPU.Build.0 = Debug|Any CPU
		{C3ECCAA4-21B0-414D-B90C-CAD89A204FF6}.Release|Any CPU.ActiveCfg = Release|Any CPU
		{C3ECCAA4-21B0-414D-B90C-CAD89A204FF6}.Release|Any CPU.Build.0 = Release|Any CPU
		{487E7032-0034-42E3-A57D-FEA923953D12}.Debug|Any CPU.ActiveCfg = Debug|Any CPU
		{487E7032-0034-42E3-A57D-FEA923953D12}.Debug|Any CPU.Build.0 = Debug|Any CPU
		{487E7032-0034-42E3-A57D-FEA923953D12}.Release|Any CPU.ActiveCfg = Release|Any CPU
		{487E7032-0034-42E3-A57D-FEA923953D12}.Release|Any CPU.Build.0 = Release|Any CPU
		{A553320D-3F92-4EDB-A2B7-98504DCDE054}.Debug|Any CPU.ActiveCfg = Debug|Any CPU
		{A553320D-3F92-4EDB-A2B7-98504DCDE054}.Debug|Any CPU.Build.0 = Debug|Any CPU
		{A553320D-3F92-4EDB-A2B7-98504DCDE054}.Release|Any CPU.ActiveCfg = Release|Any CPU
		{A553320D-3F92-4EDB-A2B7-98504DCDE054}.Release|Any CPU.Build.0 = Release|Any CPU
		{7FF30F9F-6C44-4E9F-AD03-DE9768F237A1}.Debug|Any CPU.ActiveCfg = Debug|Any CPU
		{7FF30F9F-6C44-4E9F-AD03-DE9768F237A1}.Debug|Any CPU.Build.0 = Debug|Any CPU
		{7FF30F9F-6C44-4E9F-AD03-DE9768F237A1}.Release|Any CPU.ActiveCfg = Release|Any CPU
		{7FF30F9F-6C44-4E9F-AD03-DE9768F237A1}.Release|Any CPU.Build.0 = Release|Any CPU
		{FA89EAB7-4D8D-43C3-ACBD-98246205A165}.Debug|Any CPU.ActiveCfg = Debug|Any CPU
		{FA89EAB7-4D8D-43C3-ACBD-98246205A165}.Debug|Any CPU.Build.0 = Debug|Any CPU
		{FA89EAB7-4D8D-43C3-ACBD-98246205A165}.Release|Any CPU.ActiveCfg = Release|Any CPU
		{FA89EAB7-4D8D-43C3-ACBD-98246205A165}.Release|Any CPU.Build.0 = Release|Any CPU
		{22A0BAE5-6BB2-45AA-A037-2820071854C4}.Debug|Any CPU.ActiveCfg = Debug|Any CPU
		{22A0BAE5-6BB2-45AA-A037-2820071854C4}.Debug|Any CPU.Build.0 = Debug|Any CPU
		{22A0BAE5-6BB2-45AA-A037-2820071854C4}.Release|Any CPU.ActiveCfg = Release|Any CPU
		{22A0BAE5-6BB2-45AA-A037-2820071854C4}.Release|Any CPU.Build.0 = Release|Any CPU
		{79D669D8-3325-4F87-BACE-F1FCA27EA36E}.Debug|Any CPU.ActiveCfg = Debug|Any CPU
		{79D669D8-3325-4F87-BACE-F1FCA27EA36E}.Debug|Any CPU.Build.0 = Debug|Any CPU
		{79D669D8-3325-4F87-BACE-F1FCA27EA36E}.Release|Any CPU.ActiveCfg = Release|Any CPU
		{79D669D8-3325-4F87-BACE-F1FCA27EA36E}.Release|Any CPU.Build.0 = Release|Any CPU
		{2F9DC229-B7F7-4834-A77F-44BF3868D8EF}.Debug|Any CPU.ActiveCfg = Debug|Any CPU
		{2F9DC229-B7F7-4834-A77F-44BF3868D8EF}.Debug|Any CPU.Build.0 = Debug|Any CPU
		{2F9DC229-B7F7-4834-A77F-44BF3868D8EF}.Release|Any CPU.ActiveCfg = Release|Any CPU
		{2F9DC229-B7F7-4834-A77F-44BF3868D8EF}.Release|Any CPU.Build.0 = Release|Any CPU
	EndGlobalSection
	GlobalSection(SolutionProperties) = preSolution
		HideSolutionNode = FALSE
	EndGlobalSection
	GlobalSection(NestedProjects) = preSolution
		{7258C5EE-6B1D-4700-956C-BFC7648E7B46} = {F52C5825-872B-441D-B446-8BB59209542F}
		{115E8E0C-3B84-47AB-ACA0-AD7D42156FBD} = {B442291A-E9FA-4E20-B234-7343679E27CA}
		{3F58F7D2-9DD7-4908-BA7D-92027DF8554F} = {A0738DC2-848E-4E9C-84BC-36E01EC19892}
		{8DD51B18-A39F-4ADF-B5CF-1F874ED047EB} = {236BC25E-12FA-4418-94B1-DAA58BB3A750}
		{6EF3780C-8480-41EA-94DE-922961A141F9} = {236BC25E-12FA-4418-94B1-DAA58BB3A750}
		{9DCA0103-8EA2-4774-9D98-6263B2E8A04D} = {236BC25E-12FA-4418-94B1-DAA58BB3A750}
		{FD7F13D4-792A-43EE-8A33-13BEC0B2913E} = {0CA5A0E2-87AE-457D-A4D8-62567D5F81D5}
		{07277C79-6117-467A-BB29-DDC451F563D8} = {D1F0FFF8-74BD-48DC-84E0-F8F412286866}
		{887CE0C6-C533-4DAB-A790-EFCBD43E322B} = {07277C79-6117-467A-BB29-DDC451F563D8}
		{F943865E-89F7-470B-9E3F-F952191D36CB} = {07277C79-6117-467A-BB29-DDC451F563D8}
		{2F279084-2067-45FF-B65F-8899EA1E090E} = {269D4563-DB06-4E67-A30C-56FB32CCD66F}
		{C3ECCAA4-21B0-414D-B90C-CAD89A204FF6} = {899B038F-327E-4ED6-ABC0-4C05B70792BD}
		{487E7032-0034-42E3-A57D-FEA923953D12} = {67EC9860-DF47-4AE4-9770-F22D68746C57}
		{A553320D-3F92-4EDB-A2B7-98504DCDE054} = {0CA5A0E2-87AE-457D-A4D8-62567D5F81D5}
		{7FF30F9F-6C44-4E9F-AD03-DE9768F237A1} = {4372D176-1A58-4EE0-A3EA-43B54105B832}
		{FA89EAB7-4D8D-43C3-ACBD-98246205A165} = {4372D176-1A58-4EE0-A3EA-43B54105B832}
		{7D1B5142-52ED-4CFF-86D0-5E3B1A77ED0E} = {D1F0FFF8-74BD-48DC-84E0-F8F412286866}
		{22A0BAE5-6BB2-45AA-A037-2820071854C4} = {7D1B5142-52ED-4CFF-86D0-5E3B1A77ED0E}
		{79D669D8-3325-4F87-BACE-F1FCA27EA36E} = {236BC25E-12FA-4418-94B1-DAA58BB3A750}
		{2F9DC229-B7F7-4834-A77F-44BF3868D8EF} = {236BC25E-12FA-4418-94B1-DAA58BB3A750}
	EndGlobalSection
	GlobalSection(ExtensibilityGlobals) = postSolution
		SolutionGuid = {15522423-E912-48E9-94D4-0C626D45934F}
	EndGlobalSection
EndGlobal
