Microsoft Visual Studio Solution File, Format Version 12.00
# Visual Studio Version 16
VisualStudioVersion = 16.0.31019.35
MinimumVisualStudioVersion = 10.0.40219.1
Project("{FAE04EC0-301F-11D3-BF4B-00C04F79EFBC}") = "RRQMBox.Client", "RRQMBox.Client\RRQMBox.Client.csproj", "{FF07939E-9DB7-4DA5-8202-16045AA9E0D7}"
EndProject
Project("{9A19103F-16F7-4668-BE54-9A1E7A4F7556}") = "XUnitTest", "XUnitTest\XUnitTest.csproj", "{AC10372D-5DB2-469E-BCAF-223AAD9722FC}"
EndProject
Project("{FAE04EC0-301F-11D3-BF4B-00C04F79EFBC}") = "ProtocolClientDemo", "ProtocolClientDemo\ProtocolClientDemo.csproj", "{7258C5EE-6B1D-4700-956C-BFC7648E7B46}"
EndProject
Project("{2150E333-8FDC-42A3-9474-1A3956D46DE8}") = "TCP客户端", "TCP客户端", "{B442291A-E9FA-4E20-B234-7343679E27CA}"
EndProject
Project("{9A19103F-16F7-4668-BE54-9A1E7A4F7556}") = "TcpClientDemo", "TcpClient.Demo\TcpClientDemo.csproj", "{115E8E0C-3B84-47AB-ACA0-AD7D42156FBD}"
EndProject
Project("{2150E333-8FDC-42A3-9474-1A3956D46DE8}") = "Token客户端", "Token客户端", "{A0738DC2-848E-4E9C-84BC-36E01EC19892}"
EndProject
Project("{9A19103F-16F7-4668-BE54-9A1E7A4F7556}") = "TokenClientDemo", "TokenClientDemo\TokenClientDemo.csproj", "{3F58F7D2-9DD7-4908-BA7D-92027DF8554F}"
EndProject
Project("{2150E333-8FDC-42A3-9474-1A3956D46DE8}") = "Protocol客户端", "Protocol客户端", "{F52C5825-872B-441D-B446-8BB59209542F}"
EndProject
Project("{2150E333-8FDC-42A3-9474-1A3956D46DE8}") = "RPC客户端", "RPC客户端", "{236BC25E-12FA-4418-94B1-DAA58BB3A750}"
EndProject
Project("{FAE04EC0-301F-11D3-BF4B-00C04F79EFBC}") = "GetProxyFromTcpParser", "GetProxyFromTcpParser\GetProxyFromTcpParser.csproj", "{8DD51B18-A39F-4ADF-B5CF-1F874ED047EB}"
EndProject
Project("{FAE04EC0-301F-11D3-BF4B-00C04F79EFBC}") = "InvokeRpcFromNormal", "InvokeRpcFromNormal\InvokeRpcFromNormal.csproj", "{6EF3780C-8480-41EA-94DE-922961A141F9}"
EndProject
Project("{FAE04EC0-301F-11D3-BF4B-00C04F79EFBC}") = "InvokeRpcFromProxy", "InvokeRpcFromProxy\InvokeRpcFromProxy.csproj", "{9DCA0103-8EA2-4774-9D98-6263B2E8A04D}"
EndProject
Global
	GlobalSection(SolutionConfigurationPlatforms) = preSolution
		Debug|Any CPU = Debug|Any CPU
		Release|Any CPU = Release|Any CPU
	EndGlobalSection
	GlobalSection(ProjectConfigurationPlatforms) = postSolution
		{FF07939E-9DB7-4DA5-8202-16045AA9E0D7}.Debug|Any CPU.ActiveCfg = Debug|Any CPU
		{FF07939E-9DB7-4DA5-8202-16045AA9E0D7}.Debug|Any CPU.Build.0 = Debug|Any CPU
		{FF07939E-9DB7-4DA5-8202-16045AA9E0D7}.Release|Any CPU.ActiveCfg = Release|Any CPU
		{FF07939E-9DB7-4DA5-8202-16045AA9E0D7}.Release|Any CPU.Build.0 = Release|Any CPU
		{AC10372D-5DB2-469E-BCAF-223AAD9722FC}.Debug|Any CPU.ActiveCfg = Debug|Any CPU
		{AC10372D-5DB2-469E-BCAF-223AAD9722FC}.Debug|Any CPU.Build.0 = Debug|Any CPU
		{AC10372D-5DB2-469E-BCAF-223AAD9722FC}.Release|Any CPU.ActiveCfg = Release|Any CPU
		{AC10372D-5DB2-469E-BCAF-223AAD9722FC}.Release|Any CPU.Build.0 = Release|Any CPU
		{7258C5EE-6B1D-4700-956C-BFC7648E7B46}.Debug|Any CPU.ActiveCfg = Debug|Any CPU
		{7258C5EE-6B1D-4700-956C-BFC7648E7B46}.Debug|Any CPU.Build.0 = Debug|Any CPU
		{7258C5EE-6B1D-4700-956C-BFC7648E7B46}.Release|Any CPU.ActiveCfg = Release|Any CPU
		{7258C5EE-6B1D-4700-956C-BFC7648E7B46}.Release|Any CPU.Build.0 = Release|Any CPU
		{115E8E0C-3B84-47AB-ACA0-AD7D42156FBD}.Debug|Any CPU.ActiveCfg = Debug|Any CPU
		{115E8E0C-3B84-47AB-ACA0-AD7D42156FBD}.Debug|Any CPU.Build.0 = Debug|Any CPU
		{115E8E0C-3B84-47AB-ACA0-AD7D42156FBD}.Release|Any CPU.ActiveCfg = Release|Any CPU
		{115E8E0C-3B84-47AB-ACA0-AD7D42156FBD}.Release|Any CPU.Build.0 = Release|Any CPU
		{3F58F7D2-9DD7-4908-BA7D-92027DF8554F}.Debug|Any CPU.ActiveCfg = Debug|Any CPU
		{3F58F7D2-9DD7-4908-BA7D-92027DF8554F}.Debug|Any CPU.Build.0 = Debug|Any CPU
		{3F58F7D2-9DD7-4908-BA7D-92027DF8554F}.Release|Any CPU.ActiveCfg = Release|Any CPU
		{3F58F7D2-9DD7-4908-BA7D-92027DF8554F}.Release|Any CPU.Build.0 = Release|Any CPU
		{8DD51B18-A39F-4ADF-B5CF-1F874ED047EB}.Debug|Any CPU.ActiveCfg = Debug|Any CPU
		{8DD51B18-A39F-4ADF-B5CF-1F874ED047EB}.Debug|Any CPU.Build.0 = Debug|Any CPU
		{8DD51B18-A39F-4ADF-B5CF-1F874ED047EB}.Release|Any CPU.ActiveCfg = Release|Any CPU
		{8DD51B18-A39F-4ADF-B5CF-1F874ED047EB}.Release|Any CPU.Build.0 = Release|Any CPU
		{6EF3780C-8480-41EA-94DE-922961A141F9}.Debug|Any CPU.ActiveCfg = Debug|Any CPU
		{6EF3780C-8480-41EA-94DE-922961A141F9}.Debug|Any CPU.Build.0 = Debug|Any CPU
		{6EF3780C-8480-41EA-94DE-922961A141F9}.Release|Any CPU.ActiveCfg = Release|Any CPU
		{6EF3780C-8480-41EA-94DE-922961A141F9}.Release|Any CPU.Build.0 = Release|Any CPU
		{9DCA0103-8EA2-4774-9D98-6263B2E8A04D}.Debug|Any CPU.ActiveCfg = Debug|Any CPU
		{9DCA0103-8EA2-4774-9D98-6263B2E8A04D}.Debug|Any CPU.Build.0 = Debug|Any CPU
		{9DCA0103-8EA2-4774-9D98-6263B2E8A04D}.Release|Any CPU.ActiveCfg = Release|Any CPU
		{9DCA0103-8EA2-4774-9D98-6263B2E8A04D}.Release|Any CPU.Build.0 = Release|Any CPU
	EndGlobalSection
	GlobalSection(SolutionProperties) = preSolution
		HideSolutionNode = FALSE
	EndGlobalSection
	GlobalSection(NestedProjects) = preSolution
		{7258C5EE-6B1D-4700-956C-BFC7648E7B46} = {F52C5825-872B-441D-B446-8BB59209542F}
		{115E8E0C-3B84-47AB-ACA0-AD7D42156FBD} = {B442291A-E9FA-4E20-B234-7343679E27CA}
		{3F58F7D2-9DD7-4908-BA7D-92027DF8554F} = {A0738DC2-848E-4E9C-84BC-36E01EC19892}
		{8DD51B18-A39F-4ADF-B5CF-1F874ED047EB} = {236BC25E-12FA-4418-94B1-DAA58BB3A750}
		{6EF3780C-8480-41EA-94DE-922961A141F9} = {236BC25E-12FA-4418-94B1-DAA58BB3A750}
		{9DCA0103-8EA2-4774-9D98-6263B2E8A04D} = {236BC25E-12FA-4418-94B1-DAA58BB3A750}
	EndGlobalSection
	GlobalSection(ExtensibilityGlobals) = postSolution
		SolutionGuid = {15522423-E912-48E9-94D4-0C626D45934F}
	EndGlobalSection
EndGlobal
