
Microsoft Visual Studio Solution File, Format Version 12.00
# Visual Studio Version 16
VisualStudioVersion = 16.0.31205.134
MinimumVisualStudioVersion = 10.0.40219.1
Project("{2150E333-8FDC-42A3-9474-1A3956D46DE8}") = "FileTransfer.Demo", "FileTransfer.Demo", "{E6A65124-BE7D-4B4E-A097-9223A3520635}"
EndProject
Project("{9A19103F-16F7-4668-BE54-9A1E7A4F7556}") = "Demo.ServiceGUI", "FileTransfer.Demo\ServiceGUI\Demo.ServiceGUI.csproj", "{690DD3A5-6758-4AA0-B326-31C6723E7949}"
EndProject
Project("{9A19103F-16F7-4668-BE54-9A1E7A4F7556}") = "Demo.ClientGUI", "FileTransfer.Demo\ClientGUI\Demo.ClientGUI.csproj", "{C91C9455-0EB7-479F-9678-FD2349802668}"
EndProject
Project("{FAE04EC0-301F-11D3-BF4B-00C04F79EFBC}") = "RRQMBox", "RRQMBox\RRQMBox.csproj", "{B22CA733-E911-47A4-AC93-66710E4129B5}"
EndProject
Project("{2150E333-8FDC-42A3-9474-1A3956D46DE8}") = "RRQMSocket.RPC.Demo", "RRQMSocket.RPC.Demo", "{64C7DCB5-3487-41AD-BA96-EE63EBE82FC2}"
EndProject
Project("{FAE04EC0-301F-11D3-BF4B-00C04F79EFBC}") = "Demo.Service", "RRQMSocket.RPC.Demo\Demo.Service\Demo.Service.csproj", "{6925ED60-C8F4-44DC-B271-3EE3A68AEAB3}"
EndProject
Project("{FAE04EC0-301F-11D3-BF4B-00C04F79EFBC}") = "Demo.Client", "RRQMSocket.RPC.Demo\Demo.Client\Demo.Client.csproj", "{3AC67AFB-820F-4BD9-B9D2-5D253760F4FC}"
EndProject
Project("{FAE04EC0-301F-11D3-BF4B-00C04F79EFBC}") = "Demo.Service", "RRQMSocket.Demo\Demo.Service\Demo.Service.csproj", "{B76F84D5-F0FF-4D63-B69D-5DA0035C1E3C}"
EndProject
Project("{2150E333-8FDC-42A3-9474-1A3956D46DE8}") = "RRQMSocket.Demo", "RRQMSocket.Demo", "{4440CDFF-6897-4BD6-A200-72C1B9115210}"
EndProject
Project("{FAE04EC0-301F-11D3-BF4B-00C04F79EFBC}") = "Demo.Client", "RRQMSocket.Demo\Demo.Client\Demo.Client.csproj", "{A58F12D7-20FC-4A48-9A70-A1D6B9F1A964}"
EndProject
Global
	GlobalSection(SolutionConfigurationPlatforms) = preSolution
		Debug|Any CPU = Debug|Any CPU
		Release|Any CPU = Release|Any CPU
	EndGlobalSection
	GlobalSection(ProjectConfigurationPlatforms) = postSolution
		{690DD3A5-6758-4AA0-B326-31C6723E7949}.Debug|Any CPU.ActiveCfg = Debug|Any CPU
		{690DD3A5-6758-4AA0-B326-31C6723E7949}.Debug|Any CPU.Build.0 = Debug|Any CPU
		{690DD3A5-6758-4AA0-B326-31C6723E7949}.Release|Any CPU.ActiveCfg = Release|Any CPU
		{690DD3A5-6758-4AA0-B326-31C6723E7949}.Release|Any CPU.Build.0 = Release|Any CPU
		{C91C9455-0EB7-479F-9678-FD2349802668}.Debug|Any CPU.ActiveCfg = Debug|Any CPU
		{C91C9455-0EB7-479F-9678-FD2349802668}.Debug|Any CPU.Build.0 = Debug|Any CPU
		{C91C9455-0EB7-479F-9678-FD2349802668}.Release|Any CPU.ActiveCfg = Release|Any CPU
		{C91C9455-0EB7-479F-9678-FD2349802668}.Release|Any CPU.Build.0 = Release|Any CPU
		{B22CA733-E911-47A4-AC93-66710E4129B5}.Debug|Any CPU.ActiveCfg = Debug|Any CPU
		{B22CA733-E911-47A4-AC93-66710E4129B5}.Debug|Any CPU.Build.0 = Debug|Any CPU
		{B22CA733-E911-47A4-AC93-66710E4129B5}.Release|Any CPU.ActiveCfg = Release|Any CPU
		{B22CA733-E911-47A4-AC93-66710E4129B5}.Release|Any CPU.Build.0 = Release|Any CPU
		{6925ED60-C8F4-44DC-B271-3EE3A68AEAB3}.Debug|Any CPU.ActiveCfg = Debug|Any CPU
		{6925ED60-C8F4-44DC-B271-3EE3A68AEAB3}.Debug|Any CPU.Build.0 = Debug|Any CPU
		{6925ED60-C8F4-44DC-B271-3EE3A68AEAB3}.Release|Any CPU.ActiveCfg = Release|Any CPU
		{6925ED60-C8F4-44DC-B271-3EE3A68AEAB3}.Release|Any CPU.Build.0 = Release|Any CPU
		{3AC67AFB-820F-4BD9-B9D2-5D253760F4FC}.Debug|Any CPU.ActiveCfg = Debug|Any CPU
		{3AC67AFB-820F-4BD9-B9D2-5D253760F4FC}.Debug|Any CPU.Build.0 = Debug|Any CPU
		{3AC67AFB-820F-4BD9-B9D2-5D253760F4FC}.Release|Any CPU.ActiveCfg = Release|Any CPU
		{3AC67AFB-820F-4BD9-B9D2-5D253760F4FC}.Release|Any CPU.Build.0 = Release|Any CPU
		{B76F84D5-F0FF-4D63-B69D-5DA0035C1E3C}.Debug|Any CPU.ActiveCfg = Debug|Any CPU
		{B76F84D5-F0FF-4D63-B69D-5DA0035C1E3C}.Debug|Any CPU.Build.0 = Debug|Any CPU
		{B76F84D5-F0FF-4D63-B69D-5DA0035C1E3C}.Release|Any CPU.ActiveCfg = Release|Any CPU
		{B76F84D5-F0FF-4D63-B69D-5DA0035C1E3C}.Release|Any CPU.Build.0 = Release|Any CPU
		{A58F12D7-20FC-4A48-9A70-A1D6B9F1A964}.Debug|Any CPU.ActiveCfg = Debug|Any CPU
		{A58F12D7-20FC-4A48-9A70-A1D6B9F1A964}.Debug|Any CPU.Build.0 = Debug|Any CPU
		{A58F12D7-20FC-4A48-9A70-A1D6B9F1A964}.Release|Any CPU.ActiveCfg = Release|Any CPU
		{A58F12D7-20FC-4A48-9A70-A1D6B9F1A964}.Release|Any CPU.Build.0 = Release|Any CPU
	EndGlobalSection
	GlobalSection(SolutionProperties) = preSolution
		HideSolutionNode = FALSE
	EndGlobalSection
	GlobalSection(NestedProjects) = preSolution
		{690DD3A5-6758-4AA0-B326-31C6723E7949} = {E6A65124-BE7D-4B4E-A097-9223A3520635}
		{C91C9455-0EB7-479F-9678-FD2349802668} = {E6A65124-BE7D-4B4E-A097-9223A3520635}
		{6925ED60-C8F4-44DC-B271-3EE3A68AEAB3} = {64C7DCB5-3487-41AD-BA96-EE63EBE82FC2}
		{3AC67AFB-820F-4BD9-B9D2-5D253760F4FC} = {64C7DCB5-3487-41AD-BA96-EE63EBE82FC2}
		{B76F84D5-F0FF-4D63-B69D-5DA0035C1E3C} = {4440CDFF-6897-4BD6-A200-72C1B9115210}
		{A58F12D7-20FC-4A48-9A70-A1D6B9F1A964} = {4440CDFF-6897-4BD6-A200-72C1B9115210}
	EndGlobalSection
	GlobalSection(ExtensibilityGlobals) = postSolution
		SolutionGuid = {0F5E29A5-7561-4CA5-9E38-F428B413D674}
	EndGlobalSection
EndGlobal
