
Microsoft Visual Studio Solution File, Format Version 12.00
# Visual Studio Version 16
VisualStudioVersion = 16.0.31205.134
MinimumVisualStudioVersion = 10.0.40219.1
Project("{2150E333-8FDC-42A3-9474-1A3956D46DE8}") = "FileTransferDemo", "FileTransferDemo", "{7222DBEC-3549-433F-8455-1610E9740485}"
EndProject
Project("{9A19103F-16F7-4668-BE54-9A1E7A4F7556}") = "Demo.ServiceGUI", "FileServiceGUI\Demo.ServiceGUI.csproj", "{4EBCD7A7-9815-419F-B8CB-F133F0BB115F}"
EndProject
Project("{9A19103F-16F7-4668-BE54-9A1E7A4F7556}") = "Demo.ClientGUI", "FileClientGUI\Demo.ClientGUI.csproj", "{AA577002-9810-415A-A75B-7EBFCAA24E80}"
EndProject
Project("{2150E333-8FDC-42A3-9474-1A3956D46DE8}") = "SocketDemo", "SocketDemo", "{69D98B8C-2A24-4FEC-B679-BB69E89E2A93}"
EndProject
Project("{FAE04EC0-301F-11D3-BF4B-00C04F79EFBC}") = "Demo.SocketService", "SocketService\Demo.SocketService.csproj", "{B76F84D5-F0FF-4D63-B69D-5DA0035C1E3C}"
EndProject
Project("{FAE04EC0-301F-11D3-BF4B-00C04F79EFBC}") = "Demo.SocketClient", "SocketClient\Demo.SocketClient.csproj", "{A58F12D7-20FC-4A48-9A70-A1D6B9F1A964}"
EndProject
Project("{2150E333-8FDC-42A3-9474-1A3956D46DE8}") = "RPCDemo", "RPCDemo", "{BFBB219F-E4C6-4152-9CCD-6ADCE8454731}"
EndProject
Project("{FAE04EC0-301F-11D3-BF4B-00C04F79EFBC}") = "Demo.RPCService", "RPCService\Demo.RPCService.csproj", "{6925ED60-C8F4-44DC-B271-3EE3A68AEAB3}"
EndProject
Project("{FAE04EC0-301F-11D3-BF4B-00C04F79EFBC}") = "Demo.RPCClient", "RPCClient\Demo.RPCClient.csproj", "{3AC67AFB-820F-4BD9-B9D2-5D253760F4FC}"
EndProject
Project("{FAE04EC0-301F-11D3-BF4B-00C04F79EFBC}") = "RPCStressTesting", "RPCStressTesting\RPCStressTesting.csproj", "{45B4FD9A-2D50-42CD-8FD5-20BE1F9BABAC}"
EndProject
Global
	GlobalSection(SolutionConfigurationPlatforms) = preSolution
		Debug|Any CPU = Debug|Any CPU
		Release|Any CPU = Release|Any CPU
	EndGlobalSection
	GlobalSection(ProjectConfigurationPlatforms) = postSolution
		{4EBCD7A7-9815-419F-B8CB-F133F0BB115F}.Debug|Any CPU.ActiveCfg = Debug|Any CPU
		{4EBCD7A7-9815-419F-B8CB-F133F0BB115F}.Debug|Any CPU.Build.0 = Debug|Any CPU
		{4EBCD7A7-9815-419F-B8CB-F133F0BB115F}.Release|Any CPU.ActiveCfg = Release|Any CPU
		{4EBCD7A7-9815-419F-B8CB-F133F0BB115F}.Release|Any CPU.Build.0 = Release|Any CPU
		{AA577002-9810-415A-A75B-7EBFCAA24E80}.Debug|Any CPU.ActiveCfg = Debug|Any CPU
		{AA577002-9810-415A-A75B-7EBFCAA24E80}.Debug|Any CPU.Build.0 = Debug|Any CPU
		{AA577002-9810-415A-A75B-7EBFCAA24E80}.Release|Any CPU.ActiveCfg = Release|Any CPU
		{AA577002-9810-415A-A75B-7EBFCAA24E80}.Release|Any CPU.Build.0 = Release|Any CPU
		{B76F84D5-F0FF-4D63-B69D-5DA0035C1E3C}.Debug|Any CPU.ActiveCfg = Debug|Any CPU
		{B76F84D5-F0FF-4D63-B69D-5DA0035C1E3C}.Debug|Any CPU.Build.0 = Debug|Any CPU
		{B76F84D5-F0FF-4D63-B69D-5DA0035C1E3C}.Release|Any CPU.ActiveCfg = Release|Any CPU
		{B76F84D5-F0FF-4D63-B69D-5DA0035C1E3C}.Release|Any CPU.Build.0 = Release|Any CPU
		{A58F12D7-20FC-4A48-9A70-A1D6B9F1A964}.Debug|Any CPU.ActiveCfg = Debug|Any CPU
		{A58F12D7-20FC-4A48-9A70-A1D6B9F1A964}.Debug|Any CPU.Build.0 = Debug|Any CPU
		{A58F12D7-20FC-4A48-9A70-A1D6B9F1A964}.Release|Any CPU.ActiveCfg = Release|Any CPU
		{A58F12D7-20FC-4A48-9A70-A1D6B9F1A964}.Release|Any CPU.Build.0 = Release|Any CPU
		{6925ED60-C8F4-44DC-B271-3EE3A68AEAB3}.Debug|Any CPU.ActiveCfg = Debug|Any CPU
		{6925ED60-C8F4-44DC-B271-3EE3A68AEAB3}.Debug|Any CPU.Build.0 = Debug|Any CPU
		{6925ED60-C8F4-44DC-B271-3EE3A68AEAB3}.Release|Any CPU.ActiveCfg = Release|Any CPU
		{6925ED60-C8F4-44DC-B271-3EE3A68AEAB3}.Release|Any CPU.Build.0 = Release|Any CPU
		{3AC67AFB-820F-4BD9-B9D2-5D253760F4FC}.Debug|Any CPU.ActiveCfg = Debug|Any CPU
		{3AC67AFB-820F-4BD9-B9D2-5D253760F4FC}.Debug|Any CPU.Build.0 = Debug|Any CPU
		{3AC67AFB-820F-4BD9-B9D2-5D253760F4FC}.Release|Any CPU.ActiveCfg = Release|Any CPU
		{3AC67AFB-820F-4BD9-B9D2-5D253760F4FC}.Release|Any CPU.Build.0 = Release|Any CPU
		{45B4FD9A-2D50-42CD-8FD5-20BE1F9BABAC}.Debug|Any CPU.ActiveCfg = Debug|Any CPU
		{45B4FD9A-2D50-42CD-8FD5-20BE1F9BABAC}.Debug|Any CPU.Build.0 = Debug|Any CPU
		{45B4FD9A-2D50-42CD-8FD5-20BE1F9BABAC}.Release|Any CPU.ActiveCfg = Release|Any CPU
		{45B4FD9A-2D50-42CD-8FD5-20BE1F9BABAC}.Release|Any CPU.Build.0 = Release|Any CPU
	EndGlobalSection
	GlobalSection(SolutionProperties) = preSolution
		HideSolutionNode = FALSE
	EndGlobalSection
	GlobalSection(NestedProjects) = preSolution
		{4EBCD7A7-9815-419F-B8CB-F133F0BB115F} = {7222DBEC-3549-433F-8455-1610E9740485}
		{AA577002-9810-415A-A75B-7EBFCAA24E80} = {7222DBEC-3549-433F-8455-1610E9740485}
		{B76F84D5-F0FF-4D63-B69D-5DA0035C1E3C} = {69D98B8C-2A24-4FEC-B679-BB69E89E2A93}
		{A58F12D7-20FC-4A48-9A70-A1D6B9F1A964} = {69D98B8C-2A24-4FEC-B679-BB69E89E2A93}
		{6925ED60-C8F4-44DC-B271-3EE3A68AEAB3} = {BFBB219F-E4C6-4152-9CCD-6ADCE8454731}
		{3AC67AFB-820F-4BD9-B9D2-5D253760F4FC} = {BFBB219F-E4C6-4152-9CCD-6ADCE8454731}
		{45B4FD9A-2D50-42CD-8FD5-20BE1F9BABAC} = {BFBB219F-E4C6-4152-9CCD-6ADCE8454731}
	EndGlobalSection
	GlobalSection(ExtensibilityGlobals) = postSolution
		SolutionGuid = {0F5E29A5-7561-4CA5-9E38-F428B413D674}
	EndGlobalSection
EndGlobal
