
Microsoft Visual Studio Solution File, Format Version 12.00
# Visual Studio Version 16
VisualStudioVersion = 16.0.31019.35
MinimumVisualStudioVersion = 10.0.40219.1
Project("{FAE04EC0-301F-11D3-BF4B-00C04F79EFBC}") = "RRQMBox.Server", "RRQMBox.Server\RRQMBox.Server.csproj", "{BCFD1C94-AF45-462E-ADFF-DF96BF8436D8}"
EndProject
Project("{9A19103F-16F7-4668-BE54-9A1E7A4F7556}") = "RpcArgsClassLib", "RpcArgsClassLib\RpcArgsClassLib.csproj", "{7DC58F4E-BAE3-4B63-A3E8-12CC124D6487}"
EndProject
Project("{9A19103F-16F7-4668-BE54-9A1E7A4F7556}") = "RRQM.WebApplication", "RRQM.WebApplication\RRQM.WebApplication.csproj", "{D46FD49E-6358-454D-8472-44C1F58C08C1}"
EndProject
Project("{FAE04EC0-301F-11D3-BF4B-00C04F79EFBC}") = "ProtocolServiceDemo", "ProtocolServiceDemo\ProtocolServiceDemo.csproj", "{4F76003B-56DF-4F01-BD19-880CDDBB81BF}"
EndProject
Project("{2150E333-8FDC-42A3-9474-1A3956D46DE8}") = "TCP服务器", "TCP服务器", "{01F64643-A61C-486B-8755-021D41C853C1}"
EndProject
Project("{9A19103F-16F7-4668-BE54-9A1E7A4F7556}") = "TcpServiceDemo", "NormalTcpService.Demo\TcpServiceDemo.csproj", "{53D850E7-FA74-4BB4-908B-B49AB5530104}"
EndProject
Project("{2150E333-8FDC-42A3-9474-1A3956D46DE8}") = "Token服务器", "Token服务器", "{954E6704-AEBA-4768-B0BB-F53FB8C1DF85}"
EndProject
Project("{9A19103F-16F7-4668-BE54-9A1E7A4F7556}") = "TokenServiceDemo", "TokenServiceDemo\TokenServiceDemo.csproj", "{2C7357B6-0100-4AE8-B4C2-A6598D8049D6}"
EndProject
Project("{2150E333-8FDC-42A3-9474-1A3956D46DE8}") = "Protocol服务器", "Protocol服务器", "{AE73F0F1-7889-4617-9ECD-66BE14664E66}"
EndProject
Project("{2150E333-8FDC-42A3-9474-1A3956D46DE8}") = "RPC服务器", "RPC服务器", "{AE9F1E91-95F0-426A-95DE-DEF67A0CA348}"
EndProject
Project("{FAE04EC0-301F-11D3-BF4B-00C04F79EFBC}") = "RPCServiceDemo", "RPCServiceDemo\RPCServiceDemo.csproj", "{23F2C4F0-D929-4E89-A901-D00406697ABD}"
EndProject
Global
	GlobalSection(SolutionConfigurationPlatforms) = preSolution
		Debug|Any CPU = Debug|Any CPU
		Release|Any CPU = Release|Any CPU
	EndGlobalSection
	GlobalSection(ProjectConfigurationPlatforms) = postSolution
		{BCFD1C94-AF45-462E-ADFF-DF96BF8436D8}.Debug|Any CPU.ActiveCfg = Debug|Any CPU
		{BCFD1C94-AF45-462E-ADFF-DF96BF8436D8}.Debug|Any CPU.Build.0 = Debug|Any CPU
		{BCFD1C94-AF45-462E-ADFF-DF96BF8436D8}.Release|Any CPU.ActiveCfg = Release|Any CPU
		{BCFD1C94-AF45-462E-ADFF-DF96BF8436D8}.Release|Any CPU.Build.0 = Release|Any CPU
		{7DC58F4E-BAE3-4B63-A3E8-12CC124D6487}.Debug|Any CPU.ActiveCfg = Debug|Any CPU
		{7DC58F4E-BAE3-4B63-A3E8-12CC124D6487}.Debug|Any CPU.Build.0 = Debug|Any CPU
		{7DC58F4E-BAE3-4B63-A3E8-12CC124D6487}.Release|Any CPU.ActiveCfg = Release|Any CPU
		{7DC58F4E-BAE3-4B63-A3E8-12CC124D6487}.Release|Any CPU.Build.0 = Release|Any CPU
		{D46FD49E-6358-454D-8472-44C1F58C08C1}.Debug|Any CPU.ActiveCfg = Debug|Any CPU
		{D46FD49E-6358-454D-8472-44C1F58C08C1}.Debug|Any CPU.Build.0 = Debug|Any CPU
		{D46FD49E-6358-454D-8472-44C1F58C08C1}.Release|Any CPU.ActiveCfg = Release|Any CPU
		{D46FD49E-6358-454D-8472-44C1F58C08C1}.Release|Any CPU.Build.0 = Release|Any CPU
		{4F76003B-56DF-4F01-BD19-880CDDBB81BF}.Debug|Any CPU.ActiveCfg = Debug|Any CPU
		{4F76003B-56DF-4F01-BD19-880CDDBB81BF}.Debug|Any CPU.Build.0 = Debug|Any CPU
		{4F76003B-56DF-4F01-BD19-880CDDBB81BF}.Release|Any CPU.ActiveCfg = Release|Any CPU
		{4F76003B-56DF-4F01-BD19-880CDDBB81BF}.Release|Any CPU.Build.0 = Release|Any CPU
		{53D850E7-FA74-4BB4-908B-B49AB5530104}.Debug|Any CPU.ActiveCfg = Debug|Any CPU
		{53D850E7-FA74-4BB4-908B-B49AB5530104}.Debug|Any CPU.Build.0 = Debug|Any CPU
		{53D850E7-FA74-4BB4-908B-B49AB5530104}.Release|Any CPU.ActiveCfg = Release|Any CPU
		{53D850E7-FA74-4BB4-908B-B49AB5530104}.Release|Any CPU.Build.0 = Release|Any CPU
		{2C7357B6-0100-4AE8-B4C2-A6598D8049D6}.Debug|Any CPU.ActiveCfg = Debug|Any CPU
		{2C7357B6-0100-4AE8-B4C2-A6598D8049D6}.Debug|Any CPU.Build.0 = Debug|Any CPU
		{2C7357B6-0100-4AE8-B4C2-A6598D8049D6}.Release|Any CPU.ActiveCfg = Release|Any CPU
		{2C7357B6-0100-4AE8-B4C2-A6598D8049D6}.Release|Any CPU.Build.0 = Release|Any CPU
		{23F2C4F0-D929-4E89-A901-D00406697ABD}.Debug|Any CPU.ActiveCfg = Debug|Any CPU
		{23F2C4F0-D929-4E89-A901-D00406697ABD}.Debug|Any CPU.Build.0 = Debug|Any CPU
		{23F2C4F0-D929-4E89-A901-D00406697ABD}.Release|Any CPU.ActiveCfg = Release|Any CPU
		{23F2C4F0-D929-4E89-A901-D00406697ABD}.Release|Any CPU.Build.0 = Release|Any CPU
	EndGlobalSection
	GlobalSection(SolutionProperties) = preSolution
		HideSolutionNode = FALSE
	EndGlobalSection
	GlobalSection(NestedProjects) = preSolution
		{4F76003B-56DF-4F01-BD19-880CDDBB81BF} = {AE73F0F1-7889-4617-9ECD-66BE14664E66}
		{53D850E7-FA74-4BB4-908B-B49AB5530104} = {01F64643-A61C-486B-8755-021D41C853C1}
		{2C7357B6-0100-4AE8-B4C2-A6598D8049D6} = {954E6704-AEBA-4768-B0BB-F53FB8C1DF85}
		{23F2C4F0-D929-4E89-A901-D00406697ABD} = {AE9F1E91-95F0-426A-95DE-DEF67A0CA348}
	EndGlobalSection
	GlobalSection(ExtensibilityGlobals) = postSolution
		SolutionGuid = {5BB08AC0-8102-4AFB-BA22-F13EDD701E07}
	EndGlobalSection
EndGlobal
