
Microsoft Visual Studio Solution File, Format Version 12.00
# Visual Studio Version 16
VisualStudioVersion = 16.0.31229.75
MinimumVisualStudioVersion = 10.0.40219.1
Project("{FAE04EC0-301F-11D3-BF4B-00C04F79EFBC}") = "RRQMBox.Client", "RRQMBox.Client\RRQMBox.Client.csproj", "{FF07939E-9DB7-4DA5-8202-16045AA9E0D7}"
EndProject
Project("{9A19103F-16F7-4668-BE54-9A1E7A4F7556}") = "RRQMSocketXUnitTest", "RRQMSocketXUnitTest\RRQMSocketXUnitTest.csproj", "{45DDA366-0B60-4122-B66A-98752B2A0082}"
EndProject
Global
	GlobalSection(SolutionConfigurationPlatforms) = preSolution
		Debug|Any CPU = Debug|Any CPU
		Release|Any CPU = Release|Any CPU
	EndGlobalSection
	GlobalSection(ProjectConfigurationPlatforms) = postSolution
		{FF07939E-9DB7-4DA5-8202-16045AA9E0D7}.Debug|Any CPU.ActiveCfg = Debug|Any CPU
		{FF07939E-9DB7-4DA5-8202-16045AA9E0D7}.Debug|Any CPU.Build.0 = Debug|Any CPU
		{FF07939E-9DB7-4DA5-8202-16045AA9E0D7}.Release|Any CPU.ActiveCfg = Release|Any CPU
		{FF07939E-9DB7-4DA5-8202-16045AA9E0D7}.Release|Any CPU.Build.0 = Release|Any CPU
		{45DDA366-0B60-4122-B66A-98752B2A0082}.Debug|Any CPU.ActiveCfg = Debug|Any CPU
		{45DDA366-0B60-4122-B66A-98752B2A0082}.Debug|Any CPU.Build.0 = Debug|Any CPU
		{45DDA366-0B60-4122-B66A-98752B2A0082}.Release|Any CPU.ActiveCfg = Release|Any CPU
		{45DDA366-0B60-4122-B66A-98752B2A0082}.Release|Any CPU.Build.0 = Release|Any CPU
	EndGlobalSection
	GlobalSection(SolutionProperties) = preSolution
		HideSolutionNode = FALSE
	EndGlobalSection
	GlobalSection(ExtensibilityGlobals) = postSolution
		SolutionGuid = {00403157-0B71-4CDF-AA0D-B7165CAE434D}
	EndGlobalSection
EndGlobal
